
Microsoft Visual Studio Solution File, Format Version 12.00
# Visual Studio Version 17
VisualStudioVersion = 17.6.33815.320
MinimumVisualStudioVersion = 10.0.40219.1
Project("{FAE04EC0-301F-11D3-BF4B-00C04F79EFBC}") = "TeamManagementAPI", "TeamManagementAPI\TeamManagementAPI.csproj", "{5FCE1810-4BE9-4237-B4CD-B44062167A20}"
EndProject
Global
	GlobalSection(SolutionConfigurationPlatforms) = preSolution
		Debug|Any CPU = Debug|Any CPU
		Release|Any CPU = Release|Any CPU
	EndGlobalSection
	GlobalSection(ProjectConfigurationPlatforms) = postSolution
		{5FCE1810-4BE9-4237-B4CD-B44062167A20}.Debug|Any CPU.ActiveCfg = Debug|Any CPU
		{5FCE1810-4BE9-4237-B4CD-B44062167A20}.Debug|Any CPU.Build.0 = Debug|Any CPU
		{5FCE1810-4BE9-4237-B4CD-B44062167A20}.Release|Any CPU.ActiveCfg = Release|Any CPU
		{5FCE1810-4BE9-4237-B4CD-B44062167A20}.Release|Any CPU.Build.0 = Release|Any CPU
	EndGlobalSection
	GlobalSection(SolutionProperties) = preSolution
		HideSolutionNode = FALSE
	EndGlobalSection
	GlobalSection(ExtensibilityGlobals) = postSolution
		SolutionGuid = {6768467B-700F-4DC6-B059-8F60C4A908EF}
	EndGlobalSection
EndGlobal
